// !$*UTF8*$!
{
	archiveVersion = 1;
	classes = {
	};
	objectVersion = 46;
	objects = {

/* Begin PBXBuildFile section */
		D16FBB091D28C86D00DF3E9E /* AppDelegate.swift in Sources */ = {isa = PBXBuildFile; fileRef = D16FBB081D28C86D00DF3E9E /* AppDelegate.swift */; };
		D16FBB0B1D28C86D00DF3E9E /* ViewController.swift in Sources */ = {isa = PBXBuildFile; fileRef = D16FBB0A1D28C86D00DF3E9E /* ViewController.swift */; };
		D16FBB0E1D28C86D00DF3E9E /* Main.storyboard in Resources */ = {isa = PBXBuildFile; fileRef = D16FBB0C1D28C86D00DF3E9E /* Main.storyboard */; };
		D16FBB101D28C86D00DF3E9E /* Assets.xcassets in Resources */ = {isa = PBXBuildFile; fileRef = D16FBB0F1D28C86D00DF3E9E /* Assets.xcassets */; };
		D16FBB131D28C86D00DF3E9E /* LaunchScreen.storyboard in Resources */ = {isa = PBXBuildFile; fileRef = D16FBB111D28C86D00DF3E9E /* LaunchScreen.storyboard */; };
		D16FBB221D294B2100DF3E9E /* SwiftDate.framework.dSYM in Resources */ = {isa = PBXBuildFile; fileRef = D16FBB201D294B2100DF3E9E /* SwiftDate.framework.dSYM */; };
/* End PBXBuildFile section */

/* Begin PBXFileReference section */
		D16FBB051D28C86D00DF3E9E /* AppLaunchTimeCarthage.app */ = {isa = PBXFileReference; explicitFileType = wrapper.application; includeInIndex = 0; path = AppLaunchTimeCarthage.app; sourceTree = BUILT_PRODUCTS_DIR; };
		D16FBB081D28C86D00DF3E9E /* AppDelegate.swift */ = {isa = PBXFileReference; lastKnownFileType = sourcecode.swift; path = AppDelegate.swift; sourceTree = "<group>"; };
		D16FBB0A1D28C86D00DF3E9E /* ViewController.swift */ = {isa = PBXFileReference; lastKnownFileType = sourcecode.swift; path = ViewController.swift; sourceTree = "<group>"; };
		D16FBB0D1D28C86D00DF3E9E /* Base */ = {isa = PBXFileReference; lastKnownFileType = file.storyboard; name = Base; path = Base.lproj/Main.storyboard; sourceTree = "<group>"; };
		D16FBB0F1D28C86D00DF3E9E /* Assets.xcassets */ = {isa = PBXFileReference; lastKnownFileType = folder.assetcatalog; path = Assets.xcassets; sourceTree = "<group>"; };
		D16FBB121D28C86D00DF3E9E /* Base */ = {isa = PBXFileReference; lastKnownFileType = file.storyboard; name = Base; path = Base.lproj/LaunchScreen.storyboard; sourceTree = "<group>"; };
		D16FBB141D28C86D00DF3E9E /* Info.plist */ = {isa = PBXFileReference; lastKnownFileType = text.plist.xml; path = Info.plist; sourceTree = "<group>"; };
		D16FBB1F1D294B2100DF3E9E /* SwiftDate.framework */ = {isa = PBXFileReference; lastKnownFileType = wrapper.framework; path = SwiftDate.framework; sourceTree = "<group>"; };
		D16FBB201D294B2100DF3E9E /* SwiftDate.framework.dSYM */ = {isa = PBXFileReference; lastKnownFileType = wrapper.dsym; path = SwiftDate.framework.dSYM; sourceTree = "<group>"; };
/* End PBXFileReference section */

/* Begin PBXFrameworksBuildPhase section */
		D16FBB021D28C86D00DF3E9E /* Frameworks */ = {
			isa = PBXFrameworksBuildPhase;
			buildActionMask = 2147483647;
			files = (
			);
			runOnlyForDeploymentPostprocessing = 0;
		};
/* End PBXFrameworksBuildPhase section */

/* Begin PBXGroup section */
		D16FBAFC1D28C86D00DF3E9E = {
			isa = PBXGroup;
			children = (
				D16FBB071D28C86D00DF3E9E /* AppLaunchTimeCarthage */,
				D16FBB061D28C86D00DF3E9E /* Products */,
			);
			sourceTree = "<group>";
		};
		D16FBB061D28C86D00DF3E9E /* Products */ = {
			isa = PBXGroup;
			children = (
				D16FBB051D28C86D00DF3E9E /* AppLaunchTimeCarthage.app */,
			);
			name = Products;
			sourceTree = "<group>";
		};
		D16FBB071D28C86D00DF3E9E /* AppLaunchTimeCarthage */ = {
			isa = PBXGroup;
			children = (
				D16FBB1A1D29498B00DF3E9E /* Frameworks */,
				D16FBB081D28C86D00DF3E9E /* AppDelegate.swift */,
				D16FBB0A1D28C86D00DF3E9E /* ViewController.swift */,
				D16FBB0C1D28C86D00DF3E9E /* Main.storyboard */,
				D16FBB0F1D28C86D00DF3E9E /* Assets.xcassets */,
				D16FBB111D28C86D00DF3E9E /* LaunchScreen.storyboard */,
				D16FBB141D28C86D00DF3E9E /* Info.plist */,
			);
			path = AppLaunchTimeCarthage;
			sourceTree = "<group>";
		};
		D16FBB1A1D29498B00DF3E9E /* Frameworks */ = {
			isa = PBXGroup;
			children = (
				D16FBB1F1D294B2100DF3E9E /* SwiftDate.framework */,
				D16FBB201D294B2100DF3E9E /* SwiftDate.framework.dSYM */,
			);
			name = Frameworks;
			sourceTree = "<group>";
		};
/* End PBXGroup section */

/* Begin PBXNativeTarget section */
		D16FBB041D28C86D00DF3E9E /* AppLaunchTimeCarthage */ = {
			isa = PBXNativeTarget;
			buildConfigurationList = D16FBB171D28C86D00DF3E9E /* Build configuration list for PBXNativeTarget "AppLaunchTimeCarthage" */;
			buildPhases = (
				D16FBB011D28C86D00DF3E9E /* Sources */,
				D16FBB021D28C86D00DF3E9E /* Frameworks */,
				D16FBB031D28C86D00DF3E9E /* Resources */,
			);
			buildRules = (
			);
			dependencies = (
			);
			name = AppLaunchTimeCarthage;
			productName = AppLaunchTimeCarthage;
			productReference = D16FBB051D28C86D00DF3E9E /* AppLaunchTimeCarthage.app */;
			productType = "com.apple.product-type.application";
		};
/* End PBXNativeTarget section */

/* Begin PBXProject section */
		D16FBAFD1D28C86D00DF3E9E /* Project object */ = {
			isa = PBXProject;
			attributes = {
				LastSwiftUpdateCheck = 0730;
				LastUpgradeCheck = 0730;
				ORGANIZATIONNAME = "STAY REAL LIMITED";
				TargetAttributes = {
					D16FBB041D28C86D00DF3E9E = {
						CreatedOnToolsVersion = 7.3.1;
					};
				};
			};
			buildConfigurationList = D16FBB001D28C86D00DF3E9E /* Build configuration list for PBXProject "AppLaunchTimeCarthage" */;
			compatibilityVersion = "Xcode 3.2";
			developmentRegion = English;
			hasScannedForEncodings = 0;
			knownRegions = (
				en,
				Base,
			);
			mainGroup = D16FBAFC1D28C86D00DF3E9E;
			productRefGroup = D16FBB061D28C86D00DF3E9E /* Products */;
			projectDirPath = "";
			projectRoot = "";
			targets = (
				D16FBB041D28C86D00DF3E9E /* AppLaunchTimeCarthage */,
			);
		};
/* End PBXProject section */

/* Begin PBXResourcesBuildPhase section */
		D16FBB031D28C86D00DF3E9E /* Resources */ = {
			isa = PBXResourcesBuildPhase;
			buildActionMask = 2147483647;
			files = (
				D16FBB131D28C86D00DF3E9E /* LaunchScreen.storyboard in Resources */,
				D16FBB101D28C86D00DF3E9E /* Assets.xcassets in Resources */,
				D16FBB221D294B2100DF3E9E /* SwiftDate.framework.dSYM in Resources */,
				D16FBB0E1D28C86D00DF3E9E /* Main.storyboard in Resources */,
			);
			runOnlyForDeploymentPostprocessing = 0;
		};
/* End PBXResourcesBuildPhase section */

/* Begin PBXSourcesBuildPhase section */
		D16FBB011D28C86D00DF3E9E /* Sources */ = {
			isa = PBXSourcesBuildPhase;
			buildActionMask = 2147483647;
			files = (
				D16FBB0B1D28C86D00DF3E9E /* ViewController.swift in Sources */,
				D16FBB091D28C86D00DF3E9E /* AppDelegate.swift in Sources */,
			);
			runOnlyForDeploymentPostprocessing = 0;
		};
/* End PBXSourcesBuildPhase section */

/* Begin PBXVariantGroup section */
		D16FBB0C1D28C86D00DF3E9E /* Main.storyboard */ = {
			isa = PBXVariantGroup;
			children = (
				D16FBB0D1D28C86D00DF3E9E /* Base */,
			);
			name = Main.storyboard;
			sourceTree = "<group>";
		};
		D16FBB111D28C86D00DF3E9E /* LaunchScreen.storyboard */ = {
			isa = PBXVariantGroup;
			children = (
				D16FBB121D28C86D00DF3E9E /* Base */,
			);
			name = LaunchScreen.storyboard;
			sourceTree = "<group>";
		};
/* End PBXVariantGroup section */

/* Begin XCBuildConfiguration section */
		D16FBB151D28C86D00DF3E9E /* Debug */ = {
			isa = XCBuildConfiguration;
			buildSettings = {
				ALWAYS_SEARCH_USER_PATHS = NO;
				CLANG_ANALYZER_NONNULL = YES;
				CLANG_CXX_LANGUAGE_STANDARD = "gnu++0x";
				CLANG_CXX_LIBRARY = "libc++";
				CLANG_ENABLE_MODULES = YES;
				CLANG_ENABLE_OBJC_ARC = YES;
				CLANG_WARN_BOOL_CONVERSION = YES;
				CLANG_WARN_CONSTANT_CONVERSION = YES;
				CLANG_WARN_DIRECT_OBJC_ISA_USAGE = YES_ERROR;
				CLANG_WARN_EMPTY_BODY = YES;
				CLANG_WARN_ENUM_CONVERSION = YES;
				CLANG_WARN_INT_CONVERSION = YES;
				CLANG_WARN_OBJC_ROOT_CLASS = YES_ERROR;
				CLANG_WARN_UNREACHABLE_CODE = YES;
				CLANG_WARN__DUPLICATE_METHOD_MATCH = YES;
				"CODE_SIGN_IDENTITY[sdk=iphoneos*]" = "iPhone Developer";
				COPY_PHASE_STRIP = NO;
				DEBUG_INFORMATION_FORMAT = dwarf;
				ENABLE_STRICT_OBJC_MSGSEND = YES;
				ENABLE_TESTABILITY = YES;
				GCC_C_LANGUAGE_STANDARD = gnu99;
				GCC_DYNAMIC_NO_PIC = NO;
				GCC_NO_COMMON_BLOCKS = YES;
				GCC_OPTIMIZATION_LEVEL = 0;
				GCC_PREPROCESSOR_DEFINITIONS = (
					"DEBUG=1",
					"$(inherited)",
				);
				GCC_WARN_64_TO_32_BIT_CONVERSION = YES;
				GCC_WARN_ABOUT_RETURN_TYPE = YES_ERROR;
				GCC_WARN_UNDECLARED_SELECTOR = YES;
				GCC_WARN_UNINITIALIZED_AUTOS = YES_AGGRESSIVE;
				GCC_WARN_UNUSED_FUNCTION = YES;
				GCC_WARN_UNUSED_VARIABLE = YES;
				IPHONEOS_DEPLOYMENT_TARGET = 9.3;
				MTL_ENABLE_DEBUG_INFO = YES;
				ONLY_ACTIVE_ARCH = YES;
				SDKROOT = iphoneos;
				SWIFT_OPTIMIZATION_LEVEL = "-Onone";
			};
			name = Debug;
		};
		D16FBB161D28C86D00DF3E9E /* Release */ = {
			isa = XCBuildConfiguration;
			buildSettings = {
				ALWAYS_SEARCH_USER_PATHS = NO;
				CLANG_ANALYZER_NONNULL = YES;
				CLANG_CXX_LANGUAGE_STANDARD = "gnu++0x";
				CLANG_CXX_LIBRARY = "libc++";
				CLANG_ENABLE_MODULES = YES;
				CLANG_ENABLE_OBJC_ARC = YES;
				CLANG_WARN_BOOL_CONVERSION = YES;
				CLANG_WARN_CONSTANT_CONVERSION = YES;
				CLANG_WARN_DIRECT_OBJC_ISA_USAGE = YES_ERROR;
				CLANG_WARN_EMPTY_BODY = YES;
				CLANG_WARN_ENUM_CONVERSION = YES;
				CLANG_WARN_INT_CONVERSION = YES;
				CLANG_WARN_OBJC_ROOT_CLASS = YES_ERROR;
				CLANG_WARN_UNREACHABLE_CODE = YES;
				CLANG_WARN__DUPLICATE_METHOD_MATCH = YES;
				"CODE_SIGN_IDENTITY[sdk=iphoneos*]" = "iPhone Developer";
				COPY_PHASE_STRIP = NO;
				DEBUG_INFORMATION_FORMAT = "dwarf-with-dsym";
				ENABLE_NS_ASSERTIONS = NO;
				ENABLE_STRICT_OBJC_MSGSEND = YES;
				GCC_C_LANGUAGE_STANDARD = gnu99;
				GCC_NO_COMMON_BLOCKS = YES;
				GCC_WARN_64_TO_32_BIT_CONVERSION = YES;
				GCC_WARN_ABOUT_RETURN_TYPE = YES_ERROR;
				GCC_WARN_UNDECLARED_SELECTOR = YES;
				GCC_WARN_UNINITIALIZED_AUTOS = YES_AGGRESSIVE;
				GCC_WARN_UNUSED_FUNCTION = YES;
				GCC_WARN_UNUSED_VARIABLE = YES;
				IPHONEOS_DEPLOYMENT_TARGET = 9.3;
				MTL_ENABLE_DEBUG_INFO = NO;
				SDKROOT = iphoneos;
				VALIDATE_PRODUCT = YES;
			};
			name = Release;
		};
		D16FBB181D28C86D00DF3E9E /* Debug */ = {
			isa = XCBuildConfiguration;
			buildSettings = {
				ASSETCATALOG_COMPILER_APPICON_NAME = AppIcon;
				FRAMEWORK_SEARCH_PATHS = (
					"$(inherited)",
					"$(PROJECT_DIR)/Carthage/Build/iOS",
					"$(PROJECT_DIR)/AppLaunchTimeCarthage",
				);
				INFOPLIST_FILE = AppLaunchTimeCarthage/Info.plist;
				LD_RUNPATH_SEARCH_PATHS = "$(inherited) @executable_path/Frameworks";
				PRODUCT_BUNDLE_IDENTIFIER = com.stayrealhk.AppLaunchTimeCarthage;
				PRODUCT_NAME = "$(TARGET_NAME)";
			};
			name = Debug;
		};
		D16FBB191D28C86D00DF3E9E /* Release */ = {
			isa = XCBuildConfiguration;
			buildSettings = {
				ASSETCATALOG_COMPILER_APPICON_NAME = AppIcon;
				FRAMEWORK_SEARCH_PATHS = (
					"$(inherited)",
					"$(PROJECT_DIR)/Carthage/Build/iOS",
					"$(PROJECT_DIR)/AppLaunchTimeCarthage",
				);
				INFOPLIST_FILE = AppLaunchTimeCarthage/Info.plist;
				LD_RUNPATH_SEARCH_PATHS = "$(inherited) @executable_path/Frameworks";
				PRODUCT_BUNDLE_IDENTIFIER = com.stayrealhk.AppLaunchTimeCarthage;
				PRODUCT_NAME = "$(TARGET_NAME)";
			};
			name = Release;
		};
/* End XCBuildConfiguration section */

/* Begin XCConfigurationList section */
		D16FBB001D28C86D00DF3E9E /* Build configuration list for PBXProject "AppLaunchTimeCarthage" */ = {
			isa = XCConfigurationList;
			buildConfigurations = (
				D16FBB151D28C86D00DF3E9E /* Debug */,
				D16FBB161D28C86D00DF3E9E /* Release */,
			);
			defaultConfigurationIsVisible = 0;
			defaultConfigurationName = Release;
		};
		D16FBB171D28C86D00DF3E9E /* Build configuration list for PBXNativeTarget "AppLaunchTimeCarthage" */ = {
			isa = XCConfigurationList;
			buildConfigurations = (
				D16FBB181D28C86D00DF3E9E /* Debug */,
				D16FBB191D28C86D00DF3E9E /* Release */,
			);
			defaultConfigurationIsVisible = 0;
		};
/* End XCConfigurationList section */
	};
	rootObject = D16FBAFD1D28C86D00DF3E9E /* Project object */;
}
